{
  "name": "react-simple",
  "version": "1.0.0",
  "lockfileVersion": 1,
  "requires": true,
  "dependencies": {
    "acorn": {
      "version": "5.1.2",
      "resolved": "https://registry.npmjs.org/acorn/-/acorn-5.1.2.tgz",
      "integrity": "sha512-o96FZLJBPY1lvTuJylGA9Bk3t/GKPPJG8H0ydQQl01crzwJgspa4AEIq/pVTXigmK0PHVQhiAtn8WMBLL9D2WA==",
      "dev": true
    },
    "acorn-dynamic-import": {
      "version": "2.0.2",
      "resolved": "https://registry.npmjs.org/acorn-dynamic-import/-/acorn-dynamic-import-2.0.2.tgz",
      "integrity": "sha1-x1K9IQvvZ5UBtsbLf8hPj0cVjMQ=",
      "dev": true,
      "dependencies": {
        "acorn": {
          "version": "4.0.13",
          "resolved": "https://registry.npmjs.org/acorn/-/acorn-4.0.13.tgz",
          "integrity": "sha1-EFSVrlNh1pe9GVyCUZLhrX8lN4c="
        }
      }
    },
    "async": {
      "version": "2.5.0",
      "resolved": "https://registry.npmjs.org/async/-/async-2.5.0.tgz",
      "integrity": "sha512-e+lJAJeNWuPCNyxZKOBdaJGyLGHugXVQtrAwtuAe2vhxTYxFTKE73p8JuTmdH0qdQZtDvI4dhJwjZc5zsfIsYw==",
      "dev": true
    },
    "babel-core": {
      "version": "6.26.0",
      "resolved": "https://registry.npmjs.org/babel-core/-/babel-core-6.26.0.tgz",
      "integrity": "sha1-rzL3izGm/O8RnIew/Y2XU/A6C7g=",
      "dev": true
    },
    "babel-jest": {
      "version": "21.0.2",
      "resolved": "https://registry.npmjs.org/babel-jest/-/babel-jest-21.0.2.tgz",
      "integrity": "sha512-7nF+URWcIVX3A9DiLRcuwq86a+Phl+wXN/fwlSO4boTP/GmLLVyIQTui3th7tbA8F3L5xkYEO0e3NSf7oB/BJQ==",
      "dev": true
    },
    "babel-loader": {
      "version": "7.1.2",
      "resolved": "https://registry.npmjs.org/babel-loader/-/babel-loader-7.1.2.tgz",
      "integrity": "sha512-jRwlFbINAeyDStqK6Dd5YuY0k5YuzQUvlz2ZamuXrXmxav3pNqe9vfJ402+2G+OmlJSXxCOpB6Uz0INM7RQe2A==",
      "dev": true
    },
    "babel-preset-es2015": {
      "version": "6.24.1",
      "resolved": "https://registry.npmjs.org/babel-preset-es2015/-/babel-preset-es2015-6.24.1.tgz",
      "integrity": "sha1-1EBQ1rwsn+6nAqrzjXJ6AhBTiTk=",
      "dev": true
    },
    "babel-preset-react": {
      "version": "6.24.1",
      "resolved": "https://registry.npmjs.org/babel-preset-react/-/babel-preset-react-6.24.1.tgz",
      "integrity": "sha1-umnfrqRfw+xjm2pOzqbhdwLJE4A=",
      "dev": true
    },
    "enhanced-resolve": {
      "version": "3.4.1",
      "resolved": "https://registry.npmjs.org/enhanced-resolve/-/enhanced-resolve-3.4.1.tgz",
      "integrity": "sha1-BCHjOf1xQZs9oT0Smzl5BAIwR24=",
      "dev": true
    },
    "enzyme": {
      "version": "2.9.1",
      "resolved": "https://registry.npmjs.org/enzyme/-/enzyme-2.9.1.tgz",
      "integrity": "sha1-B9XOaRJBJA+4F78sSxjW5TAkDfY=",
      "dev": true,
      "dependencies": {
        "uuid": {
          "version": "3.1.0",
          "resolved": "https://registry.npmjs.org/uuid/-/uuid-3.1.0.tgz",
          "integrity": "sha512-DIWtzUkw04M4k3bf1IcpS2tngXEL26YUD2M0tMDUpnUrz2hgzUBlD55a4FjdLGPvfHxS6uluGWvaVEqgBcVa+g=="
        }
      }
    },
    "enzyme-to-json": {
      "version": "2.0.0",
      "resolved": "https://registry.npmjs.org/enzyme-to-json/-/enzyme-to-json-2.0.0.tgz",
      "integrity": "sha512-5joYXG8doN7AqE9yPyYkigDFOG9nQmC6ucctJ5eavgsMA5vyq8kWzi4Ot7i3ioxS8BceAiDfz+TRnH6nz5vfCA==",
      "dev": true
    },
    "escope": {
      "version": "3.6.0",
      "resolved": "https://registry.npmjs.org/escope/-/escope-3.6.0.tgz",
      "integrity": "sha1-4Bl16BJ4GhY6ba392AOY3GTIicM=",
      "dev": true
    },
    "fast-json-stable-stringify": {
      "version": "2.0.0",
      "resolved": "https://registry.npmjs.org/fast-json-stable-stringify/-/fast-json-stable-stringify-2.0.0.tgz",
      "integrity": "sha1-1RQsDK7msRifh9OnYREGT4bIu/I=",
      "dev": true
    },
    "has-flag": {
      "version": "2.0.0",
      "resolved": "https://registry.npmjs.org/has-flag/-/has-flag-2.0.0.tgz",
      "integrity": "sha1-6CB68cx7MNRGzHC3NLXovhj4jVE=",
      "dev": true
    },
    "html-webpack-plugin": {
      "version": "2.30.1",
      "resolved": "https://registry.npmjs.org/html-webpack-plugin/-/html-webpack-plugin-2.30.1.tgz",
      "integrity": "sha1-f5xCG36pHsRg9WUn1430hO51N9U=",
      "dev": true,
      "dependencies": {
        "loader-utils": {
          "version": "0.2.17",
          "resolved": "https://registry.npmjs.org/loader-utils/-/loader-utils-0.2.17.tgz",
          "integrity": "sha1-+G5jdNQyBabmxg6RlvF8Apm/s0g="
        }
      }
    },
    "interpret": {
      "version": "1.0.4",
      "resolved": "https://registry.npmjs.org/interpret/-/interpret-1.0.4.tgz",
      "integrity": "sha1-ggzdWIuGj/sZGoCVBtbJyPISsbA=",
      "dev": true
    },
    "jest": {
      "version": "21.1.0",
      "resolved": "https://registry.npmjs.org/jest/-/jest-21.1.0.tgz",
      "integrity": "sha512-yPxhkAyxCymLkpZakAGm8VGNQB04HgD5bhYCQHBcIGCbH5oYHZDekkt/FBtFC2vPcyWG+dsKCqvmys/1kQYjKA==",
      "dev": true,
      "dependencies": {
        "ansi-regex": {
          "version": "3.0.0",
          "resolved": "https://registry.npmjs.org/ansi-regex/-/ansi-regex-3.0.0.tgz",
          "integrity": "sha1-7QMXwyIGT3lGbAKWa922Bas32Zg="
        },
        "ansi-styles": {
          "version": "3.2.0",
          "resolved": "https://registry.npmjs.org/ansi-styles/-/ansi-styles-3.2.0.tgz",
          "integrity": "sha512-NnSOmMEYtVR2JVMIGTzynRkkaxtiq1xnFBcdQD/DnNCYPoEPsVJhM98BDyaoNOQIi7p4okdi3E27eN7GQbsUug=="
        },
        "camelcase": {
          "version": "4.1.0",
          "resolved": "https://registry.npmjs.org/camelcase/-/camelcase-4.1.0.tgz",
          "integrity": "sha1-1UVjW+HjPFQmScaRc+Xeas+uNN0="
        },
        "chalk": {
          "version": "2.1.0",
          "resolved": "https://registry.npmjs.org/chalk/-/chalk-2.1.0.tgz",
          "integrity": "sha512-LUHGS/dge4ujbXMJrnihYMcL4AoOweGnw9Tp3kQuqy1Kx5c1qKjqvMJZ6nVJPMWJtKCTN72ZogH3oeSO9g9rXQ=="
        },
        "cliui": {
          "version": "3.2.0",
          "resolved": "https://registry.npmjs.org/cliui/-/cliui-3.2.0.tgz",
          "integrity": "sha1-EgYBU3qRbSmUD5NNo7SNWFo5IT0=",
          "dependencies": {
            "ansi-regex": {
              "version": "2.1.1",
              "resolved": "https://registry.npmjs.org/ansi-regex/-/ansi-regex-2.1.1.tgz",
              "integrity": "sha1-w7M6te42DYbg5ijwRorn7yfWVN8="
            },
            "string-width": {
              "version": "1.0.2",
              "resolved": "https://registry.npmjs.org/string-width/-/string-width-1.0.2.tgz",
              "integrity": "sha1-EYvfW4zcUaKn5w0hHgfisLmxB9M="
            },
            "strip-ansi": {
              "version": "3.0.1",
              "resolved": "https://registry.npmjs.org/strip-ansi/-/strip-ansi-3.0.1.tgz",
              "integrity": "sha1-ajhfuIU9lS1f8F0Oiq+UJ43GPc8="
            }
          }
        },
        "jest-cli": {
          "version": "21.1.0",
          "resolved": "https://registry.npmjs.org/jest-cli/-/jest-cli-21.1.0.tgz",
          "integrity": "sha512-ISnDjHv9m0nCrSKFC+Cnr9SotaWHYRP+TK81vMtPwkV+/70JbfYJT6ZnuqgqyAnTYE4f/aCe6uyMPKHAVT1RpA=="
        },
        "pify": {
          "version": "3.0.0",
          "resolved": "https://registry.npmjs.org/pify/-/pify-3.0.0.tgz",
          "integrity": "sha1-5aSs0sEB/fPZpNB/DbxNtJ3SgXY="
        },
        "strip-ansi": {
          "version": "4.0.0",
          "resolved": "https://registry.npmjs.org/strip-ansi/-/strip-ansi-4.0.0.tgz",
          "integrity": "sha1-qEeQIusaw2iocTibY1JixQXuNo8="
        },
        "supports-color": {
          "version": "4.4.0",
          "resolved": "https://registry.npmjs.org/supports-color/-/supports-color-4.4.0.tgz",
          "integrity": "sha512-rKC3+DyXWgK0ZLKwmRsrkyHVZAjNkfzeehuFWdGGcqGDTZFH73+RH6S/RDAAxl9GusSjZSUWYLmT9N5pzXFOXQ=="
        },
        "yargs": {
          "version": "9.0.1",
          "resolved": "https://registry.npmjs.org/yargs/-/yargs-9.0.1.tgz",
          "integrity": "sha1-UqzCP+7Kw0BCB47njAwAf1CF20w="
        }
      }
    },
    "jest-cli": {
      "version": "21.1.0",
      "resolved": "https://registry.npmjs.org/jest-cli/-/jest-cli-21.1.0.tgz",
      "integrity": "sha512-ISnDjHv9m0nCrSKFC+Cnr9SotaWHYRP+TK81vMtPwkV+/70JbfYJT6ZnuqgqyAnTYE4f/aCe6uyMPKHAVT1RpA==",
      "dev": true,
      "dependencies": {
        "ansi-regex": {
          "version": "3.0.0",
          "resolved": "https://registry.npmjs.org/ansi-regex/-/ansi-regex-3.0.0.tgz",
          "integrity": "sha1-7QMXwyIGT3lGbAKWa922Bas32Zg="
        },
        "ansi-styles": {
          "version": "3.2.0",
          "resolved": "https://registry.npmjs.org/ansi-styles/-/ansi-styles-3.2.0.tgz",
          "integrity": "sha512-NnSOmMEYtVR2JVMIGTzynRkkaxtiq1xnFBcdQD/DnNCYPoEPsVJhM98BDyaoNOQIi7p4okdi3E27eN7GQbsUug=="
        },
        "camelcase": {
          "version": "4.1.0",
          "resolved": "https://registry.npmjs.org/camelcase/-/camelcase-4.1.0.tgz",
          "integrity": "sha1-1UVjW+HjPFQmScaRc+Xeas+uNN0="
        },
        "chalk": {
          "version": "2.1.0",
          "resolved": "https://registry.npmjs.org/chalk/-/chalk-2.1.0.tgz",
          "integrity": "sha512-LUHGS/dge4ujbXMJrnihYMcL4AoOweGnw9Tp3kQuqy1Kx5c1qKjqvMJZ6nVJPMWJtKCTN72ZogH3oeSO9g9rXQ=="
        },
        "cliui": {
          "version": "3.2.0",
          "resolved": "https://registry.npmjs.org/cliui/-/cliui-3.2.0.tgz",
          "integrity": "sha1-EgYBU3qRbSmUD5NNo7SNWFo5IT0=",
          "dependencies": {
            "ansi-regex": {
              "version": "2.1.1",
              "resolved": "https://registry.npmjs.org/ansi-regex/-/ansi-regex-2.1.1.tgz",
              "integrity": "sha1-w7M6te42DYbg5ijwRorn7yfWVN8="
            },
            "string-width": {
              "version": "1.0.2",
              "resolved": "https://registry.npmjs.org/string-width/-/string-width-1.0.2.tgz",
              "integrity": "sha1-EYvfW4zcUaKn5w0hHgfisLmxB9M="
            },
            "strip-ansi": {
              "version": "3.0.1",
              "resolved": "https://registry.npmjs.org/strip-ansi/-/strip-ansi-3.0.1.tgz",
              "integrity": "sha1-ajhfuIU9lS1f8F0Oiq+UJ43GPc8="
            }
          }
        },
        "pify": {
          "version": "3.0.0",
          "resolved": "https://registry.npmjs.org/pify/-/pify-3.0.0.tgz",
          "integrity": "sha1-5aSs0sEB/fPZpNB/DbxNtJ3SgXY="
        },
        "strip-ansi": {
          "version": "4.0.0",
          "resolved": "https://registry.npmjs.org/strip-ansi/-/strip-ansi-4.0.0.tgz",
          "integrity": "sha1-qEeQIusaw2iocTibY1JixQXuNo8="
        },
        "supports-color": {
          "version": "4.4.0",
          "resolved": "https://registry.npmjs.org/supports-color/-/supports-color-4.4.0.tgz",
          "integrity": "sha512-rKC3+DyXWgK0ZLKwmRsrkyHVZAjNkfzeehuFWdGGcqGDTZFH73+RH6S/RDAAxl9GusSjZSUWYLmT9N5pzXFOXQ=="
        },
        "yargs": {
          "version": "9.0.1",
          "resolved": "https://registry.npmjs.org/yargs/-/yargs-9.0.1.tgz",
          "integrity": "sha1-UqzCP+7Kw0BCB47njAwAf1CF20w="
        }
      }
    },
    "json-loader": {
      "version": "0.5.7",
      "resolved": "https://registry.npmjs.org/json-loader/-/json-loader-0.5.7.tgz",
      "integrity": "sha512-QLPs8Dj7lnf3e3QYS1zkCo+4ZwqOiF9d/nZnYozTISxXWCfNs9yuky5rJw4/W34s7POaNlbZmQGaB5NiXCbP4w==",
      "dev": true
    },
    "json5": {
      "version": "0.5.1",
      "resolved": "https://registry.npmjs.org/json5/-/json5-0.5.1.tgz",
      "integrity": "sha1-Hq3nrMASA0rYTiOWdn6tn6VJWCE=",
      "dev": true
    },
    "loader-runner": {
      "version": "2.3.0",
      "resolved": "https://registry.npmjs.org/loader-runner/-/loader-runner-2.3.0.tgz",
      "integrity": "sha1-9IKuqC1UPgeSFwDVpG7yb9rGuKI=",
      "dev": true
    },
    "loader-utils": {
      "version": "1.1.0",
      "resolved": "https://registry.npmjs.org/loader-utils/-/loader-utils-1.1.0.tgz",
      "integrity": "sha1-yYrvSIvM7aL/teLeZG1qdUQp9c0=",
      "dev": true
    },
    "memory-fs": {
      "version": "0.4.1",
      "resolved": "https://registry.npmjs.org/memory-fs/-/memory-fs-0.4.1.tgz",
      "integrity": "sha1-OpoguEYlI+RHz7x+i7gO1me/xVI=",
      "dev": true,
      "dependencies": {
        "isarray": {
          "version": "1.0.0",
          "resolved": "https://registry.npmjs.org/isarray/-/isarray-1.0.0.tgz",
          "integrity": "sha1-u5NdSFgsuhaMBoNJV6VKPgcSTxE="
        },
        "readable-stream": {
          "version": "2.3.3",
          "resolved": "https://registry.npmjs.org/readable-stream/-/readable-stream-2.3.3.tgz",
          "integrity": "sha512-m+qzzcn7KUxEmd1gMbchF+Y2eIUbieUaxkWtptyHywrX0rE8QEYqPC07Vuy4Wm32/xE16NcdBctb8S0Xe/5IeQ=="
        },
        "string_decoder": {
          "version": "1.0.3",
          "resolved": "https://registry.npmjs.org/string_decoder/-/string_decoder-1.0.3.tgz",
          "integrity": "sha512-4AH6Z5fzNNBcH+6XDMfA/BTt87skxqJlO0lAh3Dker5zThcAxG6mKz+iGu308UKoPPQ8Dcqx/4JhujzltRa+hQ=="
        }
      }
    },
    "mkdirp": {
      "version": "0.5.1",
      "resolved": "https://registry.npmjs.org/mkdirp/-/mkdirp-0.5.1.tgz",
      "integrity": "sha1-MAV0OOrGz3+MR2fzhkjWaX11yQM=",
      "dev": true
    },
    "node-libs-browser": {
      "version": "2.0.0",
      "resolved": "https://registry.npmjs.org/node-libs-browser/-/node-libs-browser-2.0.0.tgz",
      "integrity": "sha1-o6WeyXAkmFtG6Vg3lkb5bEthZkY=",
      "dev": true,
      "dependencies": {
        "isarray": {
          "version": "1.0.0",
          "resolved": "https://registry.npmjs.org/isarray/-/isarray-1.0.0.tgz",
          "integrity": "sha1-u5NdSFgsuhaMBoNJV6VKPgcSTxE="
        },
        "readable-stream": {
          "version": "2.3.3",
          "resolved": "https://registry.npmjs.org/readable-stream/-/readable-stream-2.3.3.tgz",
          "integrity": "sha512-m+qzzcn7KUxEmd1gMbchF+Y2eIUbieUaxkWtptyHywrX0rE8QEYqPC07Vuy4Wm32/xE16NcdBctb8S0Xe/5IeQ==",
          "dependencies": {
            "string_decoder": {
              "version": "1.0.3",
              "resolved": "https://registry.npmjs.org/string_decoder/-/string_decoder-1.0.3.tgz",
              "integrity": "sha512-4AH6Z5fzNNBcH+6XDMfA/BTt87skxqJlO0lAh3Dker5zThcAxG6mKz+iGu308UKoPPQ8Dcqx/4JhujzltRa+hQ=="
            }
          }
        }
      }
    },
    "react": {
      "version": "15.6.1",
      "resolved": "https://registry.npmjs.org/react/-/react-15.6.1.tgz",
      "integrity": "sha1-uqhDTsZ4C96ZfNw4C3nNM7ljk98="
    },
    "react-addons-test-utils": {
      "version": "15.6.0",
      "resolved": "https://registry.npmjs.org/react-addons-test-utils/-/react-addons-test-utils-15.6.0.tgz",
      "integrity": "sha1-Bi02EX/o0Y87peBuszODsLhepbk=",
      "dev": true
    },
    "react-dom": {
      "version": "15.6.1",
      "resolved": "https://registry.npmjs.org/react-dom/-/react-dom-15.6.1.tgz",
      "integrity": "sha1-LLDtQZEDjlPCCes6eaI+Kkz5lHA="
    },
    "react-test-renderer": {
      "version": "15.6.1",
      "resolved": "https://registry.npmjs.org/react-test-renderer/-/react-test-renderer-15.6.1.tgz",
      "integrity": "sha1-Am9KW7VVJmH9LMS7zQ1LyKNev34=",
      "dev": true
    },
    "source-map": {
      "version": "0.5.7",
      "resolved": "https://registry.npmjs.org/source-map/-/source-map-0.5.7.tgz",
      "integrity": "sha1-igOdLRAh0i0eoUyA2OpGi6LvP8w=",
      "dev": true
    },
    "tapable": {
      "version": "0.2.8",
      "resolved": "https://registry.npmjs.org/tapable/-/tapable-0.2.8.tgz",
      "integrity": "sha1-mTcqXJmb8t8WCvwNdL7U9HlIzSI=",
      "dev": true
    },
    "uglifyjs-webpack-plugin": {
      "version": "0.4.6",
      "resolved": "https://registry.npmjs.org/uglifyjs-webpack-plugin/-/uglifyjs-webpack-plugin-0.4.6.tgz",
      "integrity": "sha1-uVH0q7a9YX5m9j64kUmOORdj4wk=",
      "dev": true,
      "dependencies": {
        "uglify-js": {
          "version": "2.8.29",
          "resolved": "https://registry.npmjs.org/uglify-js/-/uglify-js-2.8.29.tgz",
          "integrity": "sha1-KcVzMUgFe7Th913zW3qcty5qWd0="
        },
        "yargs": {
          "version": "3.10.0",
          "resolved": "https://registry.npmjs.org/yargs/-/yargs-3.10.0.tgz",
          "integrity": "sha1-9+572FfdfB0tOMDnTvvWgdFDH9E="
        }
      }
    },
    "uri-js": {
      "version": "4.2.2",
      "resolved": "https://registry.npmjs.org/uri-js/-/uri-js-4.2.2.tgz",
      "integrity": "sha512-KY9Frmirql91X2Qgjry0Wd4Y+YTdrdZheS8TFwvkbLWf/G5KNJDCh6pKL5OZctEW4+0Baa5idK2ZQuELRwPznQ==",
      "dev": true,
      "requires": {
        "punycode": "^2.1.0"
      },
      "dependencies": {
        "punycode": {
          "version": "2.1.1",
          "resolved": "https://registry.npmjs.org/punycode/-/punycode-2.1.1.tgz",
          "integrity": "sha512-XRsRjdf+j5ml+y/6GKHPZbrF/8p2Yga0JPtdqTIY2Xe5ohJPD9saDJJLPvp9+NSBprVvevdXZybnj2cv8OEd0A==",
          "dev": true
        }
      }
    },
    "watchpack": {
      "version": "1.4.0",
      "resolved": "https://registry.npmjs.org/watchpack/-/watchpack-1.4.0.tgz",
      "integrity": "sha1-ShRyvLuVK9Cpu0A2gB+VTfs5+qw=",
      "dev": true
    },
    "webpack": {
      "version": "3.12.0",
      "resolved": "https://registry.npmjs.org/webpack/-/webpack-3.12.0.tgz",
      "integrity": "sha512-Sw7MdIIOv/nkzPzee4o0EdvCuPmxT98+vVpIvwtcwcF1Q4SDSNp92vwcKc4REe7NItH9f1S4ra9FuQ7yuYZ8bQ==",
      "dev": true,
      "requires": {
        "acorn": "^5.0.0",
        "acorn-dynamic-import": "^2.0.0",
        "ajv": "^6.1.0",
        "ajv-keywords": "^3.1.0",
        "async": "^2.1.2",
        "enhanced-resolve": "^3.4.0",
        "escope": "^3.6.0",
        "interpret": "^1.0.0",
        "json-loader": "^0.5.4",
        "json5": "^0.5.1",
        "loader-runner": "^2.3.0",
        "loader-utils": "^1.1.0",
        "memory-fs": "~0.4.1",
        "mkdirp": "~0.5.0",
        "node-libs-browser": "^2.0.0",
        "source-map": "^0.5.3",
        "supports-color": "^4.2.1",
        "tapable": "^0.2.7",
        "uglifyjs-webpack-plugin": "^0.4.6",
        "watchpack": "^1.4.0",
        "webpack-sources": "^1.0.1",
        "yargs": "^8.0.2"
      },
      "dependencies": {
        "ajv": {
          "version": "6.10.2",
          "resolved": "https://registry.npmjs.org/ajv/-/ajv-6.10.2.tgz",
          "integrity": "sha512-TXtUUEYHuaTEbLZWIKUr5pmBuhDLy+8KYtPYdcV8qC+pOZL+NKqYwvWSRrVXHn+ZmRRAu8vJTAznH7Oag6RVRw==",
          "dev": true,
          "requires": {
            "fast-deep-equal": "^2.0.1",
            "fast-json-stable-stringify": "^2.0.0",
            "json-schema-traverse": "^0.4.1",
            "uri-js": "^4.2.2"
          }
        },
        "ajv-keywords": {
          "version": "3.4.1",
          "resolved": "https://registry.npmjs.org/ajv-keywords/-/ajv-keywords-3.4.1.tgz",
          "integrity": "sha512-RO1ibKvd27e6FEShVFfPALuHI3WjSVNeK5FIsmme/LYRNxjKuNj+Dt7bucLa6NdSv3JcVTyMlm9kGR84z1XpaQ==",
          "dev": true
        },
        "fast-deep-equal": {
          "version": "2.0.1",
          "resolved": "https://registry.npmjs.org/fast-deep-equal/-/fast-deep-equal-2.0.1.tgz",
          "integrity": "sha1-ewUhjd+WZ79/Nwv3/bLLFf3Qqkk=",
          "dev": true
        },
        "json-schema-traverse": {
          "version": "0.4.1",
          "resolved": "https://registry.npmjs.org/json-schema-traverse/-/json-schema-traverse-0.4.1.tgz",
          "integrity": "sha512-xbbCH5dCYU5T8LcEhhuh7HJ88HXuW3qsI3Y0zOZFKfZEHcpWiHU/Jxzk629Brsab/mMiHQti9wMP+845RPe3Vg==",
          "dev": true
        },
        "supports-color": {
          "version": "4.5.0",
          "resolved": "https://registry.npmjs.org/supports-color/-/supports-color-4.5.0.tgz",
          "integrity": "sha1-vnoN5ITexcXN34s9WRJQRJEvY1s=",
          "dev": true,
          "requires": {
            "has-flag": "^2.0.0"
          }
        }
      }
    },
    "webpack-dev-server": {
      "version": "2.8.2",
      "resolved": "https://registry.npmjs.org/webpack-dev-server/-/webpack-dev-server-2.8.2.tgz",
      "integrity": "sha512-wD9bs+Z1uwvf3Jc+8ZkyMI0Xi+aJJYjC2UZplOWoo/vStelK5Mv62X2uXYEYIQEjy9wJQMzC0fEFqQsg7vVEIg==",
      "dev": true,
      "dependencies": {
        "camelcase": {
          "version": "3.0.0",
          "resolved": "https://registry.npmjs.org/camelcase/-/camelcase-3.0.0.tgz",
          "integrity": "sha1-MvxLn82vhF/N9+c7uXysImHwqwo="
        },
        "cliui": {
          "version": "3.2.0",
          "resolved": "https://registry.npmjs.org/cliui/-/cliui-3.2.0.tgz",
          "integrity": "sha1-EgYBU3qRbSmUD5NNo7SNWFo5IT0="
        },
        "find-up": {
          "version": "1.1.2",
          "resolved": "https://registry.npmjs.org/find-up/-/find-up-1.1.2.tgz",
          "integrity": "sha1-ay6YIrGizgpgq2TWEOzK1TyyTQ8="
        },
        "load-json-file": {
          "version": "1.1.0",
          "resolved": "https://registry.npmjs.org/load-json-file/-/load-json-file-1.1.0.tgz",
          "integrity": "sha1-lWkFcI1YtLq0wiYbBPWfMcmTdMA="
        },
        "os-locale": {
          "version": "1.4.0",
          "resolved": "https://registry.npmjs.org/os-locale/-/os-locale-1.4.0.tgz",
          "integrity": "sha1-IPnxeuKe00XoveWDsT0gCYA8FNk="
        },
        "path-exists": {
          "version": "2.1.0",
          "resolved": "https://registry.npmjs.org/path-exists/-/path-exists-2.1.0.tgz",
          "integrity": "sha1-D+tsZPD8UY2adU3V77YscCJ2H0s="
        },
        "path-type": {
          "version": "1.1.0",
          "resolved": "https://registry.npmjs.org/path-type/-/path-type-1.1.0.tgz",
          "integrity": "sha1-WcRPfuSR2nBNpBXaWkBwuk+P5EE="
        },
        "read-pkg": {
          "version": "1.1.0",
          "resolved": "https://registry.npmjs.org/read-pkg/-/read-pkg-1.1.0.tgz",
          "integrity": "sha1-9f+qXs0pyzHAR0vKfXVra7KePyg="
        },
        "read-pkg-up": {
          "version": "1.0.1",
          "resolved": "https://registry.npmjs.org/read-pkg-up/-/read-pkg-up-1.0.1.tgz",
          "integrity": "sha1-nWPBMnbAZZGNV/ACpX9AobZD+wI="
        },
        "string-width": {
          "version": "1.0.2",
          "resolved": "https://registry.npmjs.org/string-width/-/string-width-1.0.2.tgz",
          "integrity": "sha1-EYvfW4zcUaKn5w0hHgfisLmxB9M="
        },
        "strip-bom": {
          "version": "2.0.0",
          "resolved": "https://registry.npmjs.org/strip-bom/-/strip-bom-2.0.0.tgz",
          "integrity": "sha1-YhmoVhZSBJHzV4i9vxRHqZx+aw4="
        },
        "supports-color": {
          "version": "4.4.0",
          "resolved": "https://registry.npmjs.org/supports-color/-/supports-color-4.4.0.tgz",
          "integrity": "sha512-rKC3+DyXWgK0ZLKwmRsrkyHVZAjNkfzeehuFWdGGcqGDTZFH73+RH6S/RDAAxl9GusSjZSUWYLmT9N5pzXFOXQ=="
        },
        "which-module": {
          "version": "1.0.0",
          "resolved": "https://registry.npmjs.org/which-module/-/which-module-1.0.0.tgz",
          "integrity": "sha1-u6Y8qGGUiZT/MHc2CJ47lgJsKk8="
        },
        "yargs": {
          "version": "6.6.0",
          "resolved": "https://registry.npmjs.org/yargs/-/yargs-6.6.0.tgz",
          "integrity": "sha1-eC7CHvQDNF+DCoCMo9UTr1YGUgg="
        },
        "yargs-parser": {
          "version": "4.2.1",
          "resolved": "https://registry.npmjs.org/yargs-parser/-/yargs-parser-4.2.1.tgz",
          "integrity": "sha1-KczqwNxPA8bIe0qfIX3RjJ90hxw="
        }
      }
    },
    "webpack-sources": {
      "version": "1.0.1",
      "resolved": "https://registry.npmjs.org/webpack-sources/-/webpack-sources-1.0.1.tgz",
      "integrity": "sha512-05tMxipUCwHqYaVS8xc7sYPTly8PzXayRCB4dTxLhWTqlKUiwH6ezmEe0OSreL1c30LAuA3Zqmc+uEBUGFJDjw==",
      "dev": true
    },
    "yargs": {
      "version": "8.0.2",
      "resolved": "https://registry.npmjs.org/yargs/-/yargs-8.0.2.tgz",
      "integrity": "sha1-YpmpBVsc78lp/355wdkY3Osiw2A=",
      "dev": true,
      "dependencies": {
        "camelcase": {
          "version": "4.1.0",
          "resolved": "https://registry.npmjs.org/camelcase/-/camelcase-4.1.0.tgz",
          "integrity": "sha1-1UVjW+HjPFQmScaRc+Xeas+uNN0="
        },
        "cliui": {
          "version": "3.2.0",
          "resolved": "https://registry.npmjs.org/cliui/-/cliui-3.2.0.tgz",
          "integrity": "sha1-EgYBU3qRbSmUD5NNo7SNWFo5IT0=",
          "dependencies": {
            "string-width": {
              "version": "1.0.2",
              "resolved": "https://registry.npmjs.org/string-width/-/string-width-1.0.2.tgz",
              "integrity": "sha1-EYvfW4zcUaKn5w0hHgfisLmxB9M="
            }
          }
        }
      }
    }
  }
}
